<?xml version="1.0" encoding="utf-8"?>
<Project ToolsVersion="4.0" xmlns="http://schemas.microsoft.com/developer/msbuild/2003">
  <ItemGroup>
    <Filter Include="include">
      <UniqueIdentifier>{fd2d3716-ce42-48d0-b7f2-a590c51f873c}</UniqueIdentifier>
    </Filter>
    <Filter Include="res">
      <UniqueIdentifier>{6825e51d-f9b9-408b-a244-9b48ebe695f8}</UniqueIdentifier>
    </Filter>
    <Filter Include="src">
      <UniqueIdentifier>{3f4656f7-36f7-4763-a3bc-149508c5020d}</UniqueIdentifier>
    </Filter>
    <Filter Include="src\config">
      <UniqueIdentifier>{16382310-4855-4613-a1c7-f287ba9a6e2c}</UniqueIdentifier>
    </Filter>
    <Filter Include="codereview">
      <UniqueIdentifier>{5b5b087b-cf33-4b8b-a84d-250bfad924a2}</UniqueIdentifier>
    </Filter>
  </ItemGroup>
  <ItemGroup>
    <ClInclude Include="include\sdh_version.h">
      <Filter>include</Filter>
    </ClInclude>
    <ClInclude Include="src\sdh_trace.h">
      <Filter>src</Filter>
    </ClInclude>
    <ClInclude Include="src\config\ds_config.h">
      <Filter>src\config</Filter>
    </ClInclude>
  </ItemGroup>
  <ItemGroup>
    <None Include="res\sdh_trace.rc-pre">
      <Filter>res</Filter>
    </None>
    <None Include="Makefile" />
  </ItemGroup>
  <ItemGroup>
    <ClCompile Include="src\sdh_trace.cpp">
      <Filter>src</Filter>
    </ClCompile>
    <ClCompile Include="src\config\ds_config.cpp">
      <Filter>src\config</Filter>
    </ClCompile>
  </ItemGroup>
  <ItemGroup>
    <Text Include="codereview\codereview.txt">
      <Filter>codereview</Filter>
    </Text>
  </ItemGroup>
</Project>