<?xml version="1.0" encoding="utf-8"?>
<Project ToolsVersion="4.0" xmlns="http://schemas.microsoft.com/developer/msbuild/2003">
  <ItemGroup>
    <Filter Include="include">
      <UniqueIdentifier>{8ebcdec3-4f0d-4d44-b8be-e1359e51e8db}</UniqueIdentifier>
    </Filter>
    <Filter Include="src">
      <UniqueIdentifier>{372c7275-36a0-484e-b020-21e48ba7b7ec}</UniqueIdentifier>
    </Filter>
    <Filter Include="src\config">
      <UniqueIdentifier>{0cbd94b7-8bb4-447c-bb0b-b853b62d383d}</UniqueIdentifier>
    </Filter>
    <Filter Include="res">
      <UniqueIdentifier>{8f7ba879-8bb4-4d93-a51e-ead4e1f3f53a}</UniqueIdentifier>
    </Filter>
  </ItemGroup>
  <ItemGroup>
    <ClInclude Include="include\sdh_version.h">
      <Filter>include</Filter>
    </ClInclude>
    <ClInclude Include="src\ds_example.h">
      <Filter>src</Filter>
    </ClInclude>
    <ClInclude Include="src\sdh_example.h">
      <Filter>src</Filter>
    </ClInclude>
    <ClInclude Include="src\config\ds_config.h">
      <Filter>src\config</Filter>
    </ClInclude>
  </ItemGroup>
  <ItemGroup>
    <ClCompile Include="src\ds_example.cpp">
      <Filter>src</Filter>
    </ClCompile>
    <ClCompile Include="src\sdh_example.cpp">
      <Filter>src</Filter>
    </ClCompile>
    <ClCompile Include="src\config\ds_config.cpp">
      <Filter>src\config</Filter>
    </ClCompile>
  </ItemGroup>
  <ItemGroup>
    <ResourceCompile Include="res\sdh_example.rc">
      <Filter>res</Filter>
    </ResourceCompile>
  </ItemGroup>
  <ItemGroup>
    <None Include="res\sdh_example.rc-pre">
      <Filter>res</Filter>
    </None>
    <None Include="Makefile" />
  </ItemGroup>
</Project>