<?xml version="1.0" encoding="utf-8"?>
<Project ToolsVersion="4.0" xmlns="http://schemas.microsoft.com/developer/msbuild/2003">
  <ItemGroup>
    <Filter Include="include">
      <UniqueIdentifier>{d813698a-aada-4a48-b022-533e99ff3bed}</UniqueIdentifier>
    </Filter>
    <Filter Include="src">
      <UniqueIdentifier>{5c66cdb8-8911-4ecc-ab31-b0898bcc787b}</UniqueIdentifier>
    </Filter>
    <Filter Include="src\utils">
      <UniqueIdentifier>{7b42185d-4891-4148-84ea-5acfe4eaa8a5}</UniqueIdentifier>
    </Filter>
    <Filter Include="src\objects">
      <UniqueIdentifier>{36abcafd-d828-437c-a4dd-232a6d49653c}</UniqueIdentifier>
    </Filter>
    <Filter Include="codereview">
      <UniqueIdentifier>{2fda1d00-420e-4456-aa39-54feb56c4842}</UniqueIdentifier>
    </Filter>
  </ItemGroup>
  <ItemGroup>
    <ClInclude Include="include\ds_attribute_string.h">
      <Filter>include</Filter>
    </ClInclude>
    <ClInclude Include="include\ds_ldap.h">
      <Filter>include</Filter>
    </ClInclude>
  </ItemGroup>
  <ItemGroup>
    <ClCompile Include="src\utils\ds_ldap.cpp">
      <Filter>src\utils</Filter>
    </ClCompile>
    <ClCompile Include="src\objects\ds_attribute_string.cpp">
      <Filter>src\objects</Filter>
    </ClCompile>
  </ItemGroup>
  <ItemGroup>
    <Text Include="codereview\codereview.txt">
      <Filter>codereview</Filter>
    </Text>
  </ItemGroup>
  <ItemGroup>
    <None Include="Makefile" />
  </ItemGroup>
</Project>