<?xml version="1.0" encoding="utf-8"?>
<Project ToolsVersion="4.0" xmlns="http://schemas.microsoft.com/developer/msbuild/2003">
  <ItemGroup>
    <Filter Include="include">
      <UniqueIdentifier>{561325f1-5df7-4674-b8ef-a24b83859e4e}</UniqueIdentifier>
    </Filter>
    <Filter Include="res">
      <UniqueIdentifier>{e1a7b96d-59fb-4823-a25d-c76808b5fa99}</UniqueIdentifier>
    </Filter>
    <Filter Include="src">
      <UniqueIdentifier>{13837458-fcb2-45f0-ad75-045205752f5d}</UniqueIdentifier>
    </Filter>
  </ItemGroup>
  <ItemGroup>
    <None Include="res\xl-sdh-ppp-pf-05.rc-pre">
      <Filter>res</Filter>
    </None>
    <None Include="Makefile" />
  </ItemGroup>
  <ItemGroup>
    <ClCompile Include="src\xl-sdh-ppp-pf-05.cpp">
      <Filter>src</Filter>
    </ClCompile>
    <ClCompile Include="..\wsp\xsavl03.cpp">
      <Filter>src</Filter>
    </ClCompile>
    <ClCompile Include="src\xslnetw1.cpp">
      <Filter>src</Filter>
    </ClCompile>
  </ItemGroup>
</Project>